// !$*UTF8*$!
{
	archiveVersion = 1;
	classes = {
	};
	objectVersion = 46;
	objects = {

/* Begin PBXBuildFile section */
		13175CF21A24ECC5001D29D2 /* AppDelegate.swift in Sources */ = {isa = PBXBuildFile; fileRef = 13175CF11A24ECC5001D29D2 /* AppDelegate.swift */; };
		13175CF41A24ECC5001D29D2 /* ViewController.swift in Sources */ = {isa = PBXBuildFile; fileRef = 13175CF31A24ECC5001D29D2 /* ViewController.swift */; };
		13175CF71A24ECC5001D29D2 /* Main.storyboard in Resources */ = {isa = PBXBuildFile; fileRef = 13175CF51A24ECC5001D29D2 /* Main.storyboard */; };
		13175CF91A24ECC5001D29D2 /* Images.xcassets in Resources */ = {isa = PBXBuildFile; fileRef = 13175CF81A24ECC5001D29D2 /* Images.xcassets */; };
		13175CFC1A24ECC5001D29D2 /* LaunchScreen.xib in Resources */ = {isa = PBXBuildFile; fileRef = 13175CFA1A24ECC5001D29D2 /* LaunchScreen.xib */; };
		13175D081A24ECC5001D29D2 /* audioplayerTests.swift in Sources */ = {isa = PBXBuildFile; fileRef = 13175D071A24ECC5001D29D2 /* audioplayerTests.swift */; };
/* End PBXBuildFile section */

/* Begin PBXContainerItemProxy section */
		13175D021A24ECC5001D29D2 /* PBXContainerItemProxy */ = {
			isa = PBXContainerItemProxy;
			containerPortal = 13175CE41A24ECC5001D29D2 /* Project object */;
			proxyType = 1;
			remoteGlobalIDString = 13175CEB1A24ECC5001D29D2;
			remoteInfo = audioplayer;
		};
/* End PBXContainerItemProxy section */

/* Begin PBXFileReference section */
		13175CEC1A24ECC5001D29D2 /* audioplayer.app */ = {isa = PBXFileReference; explicitFileType = wrapper.application; includeInIndex = 0; path = audioplayer.app; sourceTree = BUILT_PRODUCTS_DIR; };
		13175CF01A24ECC5001D29D2 /* Info.plist */ = {isa = PBXFileReference; lastKnownFileType = text.plist.xml; path = Info.plist; sourceTree = "<group>"; };
		13175CF11A24ECC5001D29D2 /* AppDelegate.swift */ = {isa = PBXFileReference; lastKnownFileType = sourcecode.swift; path = AppDelegate.swift; sourceTree = "<group>"; };
		13175CF31A24ECC5001D29D2 /* ViewController.swift */ = {isa = PBXFileReference; lastKnownFileType = sourcecode.swift; path = ViewController.swift; sourceTree = "<group>"; };
		13175CF61A24ECC5001D29D2 /* Base */ = {isa = PBXFileReference; lastKnownFileType = file.storyboard; name = Base; path = Base.lproj/Main.storyboard; sourceTree = "<group>"; };
		13175CF81A24ECC5001D29D2 /* Images.xcassets */ = {isa = PBXFileReference; lastKnownFileType = folder.assetcatalog; path = Images.xcassets; sourceTree = "<group>"; };
		13175CFB1A24ECC5001D29D2 /* Base */ = {isa = PBXFileReference; lastKnownFileType = file.xib; name = Base; path = Base.lproj/LaunchScreen.xib; sourceTree = "<group>"; };
		13175D011A24ECC5001D29D2 /* audioplayerTests.xctest */ = {isa = PBXFileReference; explicitFileType = wrapper.cfbundle; includeInIndex = 0; path = audioplayerTests.xctest; sourceTree = BUILT_PRODUCTS_DIR; };
		13175D061A24ECC5001D29D2 /* Info.plist */ = {isa = PBXFileReference; lastKnownFileType = text.plist.xml; path = Info.plist; sourceTree = "<group>"; };
		13175D071A24ECC5001D29D2 /* audioplayerTests.swift */ = {isa = PBXFileReference; lastKnownFileType = sourcecode.swift; path = audioplayerTests.swift; sourceTree = "<group>"; };
/* End PBXFileReference section */

/* Begin PBXFrameworksBuildPhase section */
		13175CE91A24ECC5001D29D2 /* Frameworks */ = {
			isa = PBXFrameworksBuildPhase;
			buildActionMask = 2147483647;
			files = (
			);
			runOnlyForDeploymentPostprocessing = 0;
		};
		13175CFE1A24ECC5001D29D2 /* Frameworks */ = {
			isa = PBXFrameworksBuildPhase;
			buildActionMask = 2147483647;
			files = (
			);
			runOnlyForDeploymentPostprocessing = 0;
		};
/* End PBXFrameworksBuildPhase section */

/* Begin PBXGroup section */
		13175CE31A24ECC5001D29D2 = {
			isa = PBXGroup;
			children = (
				13175CEE1A24ECC5001D29D2 /* audioplayer */,
				13175D041A24ECC5001D29D2 /* audioplayerTests */,
				13175CED1A24ECC5001D29D2 /* Products */,
			);
			sourceTree = "<group>";
		};
		13175CED1A24ECC5001D29D2 /* Products */ = {
			isa = PBXGroup;
			children = (
				13175CEC1A24ECC5001D29D2 /* audioplayer.app */,
				13175D011A24ECC5001D29D2 /* audioplayerTests.xctest */,
			);
			name = Products;
			sourceTree = "<group>";
		};
		13175CEE1A24ECC5001D29D2 /* audioplayer */ = {
			isa = PBXGroup;
			children = (
				13175CF11A24ECC5001D29D2 /* AppDelegate.swift */,
				13175CF31A24ECC5001D29D2 /* ViewController.swift */,
				13175CF51A24ECC5001D29D2 /* Main.storyboard */,
				13175CF81A24ECC5001D29D2 /* Images.xcassets */,
				13175CFA1A24ECC5001D29D2 /* LaunchScreen.xib */,
				13175CEF1A24ECC5001D29D2 /* Supporting Files */,
			);
			path = audioplayer;
			sourceTree = "<group>";
		};
		13175CEF1A24ECC5001D29D2 /* Supporting Files */ = {
			isa = PBXGroup;
			children = (
				13175CF01A24ECC5001D29D2 /* Info.plist */,
			);
			name = "Supporting Files";
			sourceTree = "<group>";
		};
		13175D041A24ECC5001D29D2 /* audioplayerTests */ = {
			isa = PBXGroup;
			children = (
				13175D071A24ECC5001D29D2 /* audioplayerTests.swift */,
				13175D051A24ECC5001D29D2 /* Supporting Files */,
			);
			path = audioplayerTests;
			sourceTree = "<group>";
		};
		13175D051A24ECC5001D29D2 /* Supporting Files */ = {
			isa = PBXGroup;
			children = (
				13175D061A24ECC5001D29D2 /* Info.plist */,
			);
			name = "Supporting Files";
			sourceTree = "<group>";
		};
/* End PBXGroup section */

/* Begin PBXNativeTarget section */
		13175CEB1A24ECC5001D29D2 /* audioplayer */ = {
			isa = PBXNativeTarget;
			buildConfigurationList = 13175D0B1A24ECC5001D29D2 /* Build configuration list for PBXNativeTarget "audioplayer" */;
			buildPhases = (
				13175CE81A24ECC5001D29D2 /* Sources */,
				13175CE91A24ECC5001D29D2 /* Frameworks */,
				13175CEA1A24ECC5001D29D2 /* Resources */,
			);
			buildRules = (
			);
			dependencies = (
			);
			name = audioplayer;
			productName = audioplayer;
			productReference = 13175CEC1A24ECC5001D29D2 /* audioplayer.app */;
			productType = "com.apple.product-type.application";
		};
		13175D001A24ECC5001D29D2 /* audioplayerTests */ = {
			isa = PBXNativeTarget;
			buildConfigurationList = 13175D0E1A24ECC5001D29D2 /* Build configuration list for PBXNativeTarget "audioplayerTests" */;
			buildPhases = (
				13175CFD1A24ECC5001D29D2 /* Sources */,
				13175CFE1A24ECC5001D29D2 /* Frameworks */,
				13175CFF1A24ECC5001D29D2 /* Resources */,
			);
			buildRules = (
			);
			dependencies = (
				13175D031A24ECC5001D29D2 /* PBXTargetDependency */,
			);
			name = audioplayerTests;
			productName = audioplayerTests;
			productReference = 13175D011A24ECC5001D29D2 /* audioplayerTests.xctest */;
			productType = "com.apple.product-type.bundle.unit-test";
		};
/* End PBXNativeTarget section */

/* Begin PBXProject section */
		13175CE41A24ECC5001D29D2 /* Project object */ = {
			isa = PBXProject;
			attributes = {
				LastUpgradeCheck = 0610;
				ORGANIZATIONNAME = "Johan Hosk";
				TargetAttributes = {
					13175CEB1A24ECC5001D29D2 = {
						CreatedOnToolsVersion = 6.1;
					};
					13175D001A24ECC5001D29D2 = {
						CreatedOnToolsVersion = 6.1;
						TestTargetID = 13175CEB1A24ECC5001D29D2;
					};
				};
			};
			buildConfigurationList = 13175CE71A24ECC5001D29D2 /* Build configuration list for PBXProject "audioplayer" */;
			compatibilityVersion = "Xcode 3.2";
			developmentRegion = English;
			hasScannedForEncodings = 0;
			knownRegions = (
				en,
				Base,
			);
			mainGroup = 13175CE31A24ECC5001D29D2;
			productRefGroup = 13175CED1A24ECC5001D29D2 /* Products */;
			projectDirPath = "";
			projectRoot = "";
			targets = (
				13175CEB1A24ECC5001D29D2 /* audioplayer */,
				13175D001A24ECC5001D29D2 /* audioplayerTests */,
			);
		};
/* End PBXProject section */

/* Begin PBXResourcesBuildPhase section */
		13175CEA1A24ECC5001D29D2 /* Resources */ = {
			isa = PBXResourcesBuildPhase;
			buildActionMask = 2147483647;
			files = (
				13175CF71A24ECC5001D29D2 /* Main.storyboard in Resources */,
				13175CFC1A24ECC5001D29D2 /* LaunchScreen.xib in Resources */,
				13175CF91A24ECC5001D29D2 /* Images.xcassets in Resources */,
			);
			runOnlyForDeploymentPostprocessing = 0;
		};
		13175CFF1A24ECC5001D29D2 /* Resources */ = {
			isa = PBXResourcesBuildPhase;
			buildActionMask = 2147483647;
			files = (
			);
			runOnlyForDeploymentPostprocessing = 0;
		};
/* End PBXResourcesBuildPhase section */

/* Begin PBXSourcesBuildPhase section */
		13175CE81A24ECC5001D29D2 /* Sources */ = {
			isa = PBXSourcesBuildPhase;
			buildActionMask = 2147483647;
			files = (
				13175CF41A24ECC5001D29D2 /* ViewController.swift in Sources */,
				13175CF21A24ECC5001D29D2 /* AppDelegate.swift in Sources */,
			);
			runOnlyForDeploymentPostprocessing = 0;
		};
		13175CFD1A24ECC5001D29D2 /* Sources */ = {
			isa = PBXSourcesBuildPhase;
			buildActionMask = 2147483647;
			files = (
				13175D081A24ECC5001D29D2 /* audioplayerTests.swift in Sources */,
			);
			runOnlyForDeploymentPostprocessing = 0;
		};
/* End PBXSourcesBuildPhase section */

/* Begin PBXTargetDependency section */
		13175D031A24ECC5001D29D2 /* PBXTargetDependency */ = {
			isa = PBXTargetDependency;
			target = 13175CEB1A24ECC5001D29D2 /* audioplayer */;
			targetProxy = 13175D021A24ECC5001D29D2 /* PBXContainerItemProxy */;
		};
/* End PBXTargetDependency section */

/* Begin PBXVariantGroup section */
		13175CF51A24ECC5001D29D2 /* Main.storyboard */ = {
			isa = PBXVariantGroup;
			children = (
				13175CF61A24ECC5001D29D2 /* Base */,
			);
			name = Main.storyboard;
			sourceTree = "<group>";
		};
		13175CFA1A24ECC5001D29D2 /* LaunchScreen.xib */ = {
			isa = PBXVariantGroup;
			children = (
				13175CFB1A24ECC5001D29D2 /* Base */,
			);
			name = LaunchScreen.xib;
			sourceTree = "<group>";
		};
/* End PBXVariantGroup section */

/* Begin XCBuildConfiguration section */
		13175D091A24ECC5001D29D2 /* Debug */ = {
			isa = XCBuildConfiguration;
			buildSettings = {
				ALWAYS_SEARCH_USER_PATHS = NO;
				CLANG_CXX_LANGUAGE_STANDARD = "gnu++0x";
				CLANG_CXX_LIBRARY = "libc++";
				CLANG_ENABLE_MODULES = YES;
				CLANG_ENABLE_OBJC_ARC = YES;
				CLANG_WARN_BOOL_CONVERSION = YES;
				CLANG_WARN_CONSTANT_CONVERSION = YES;
				CLANG_WARN_DIRECT_OBJC_ISA_USAGE = YES_ERROR;
				CLANG_WARN_EMPTY_BODY = YES;
				CLANG_WARN_ENUM_CONVERSION = YES;
				CLANG_WARN_INT_CONVERSION = YES;
				CLANG_WARN_OBJC_ROOT_CLASS = YES_ERROR;
				CLANG_WARN_UNREACHABLE_CODE = YES;
				CLANG_WARN__DUPLICATE_METHOD_MATCH = YES;
				"CODE_SIGN_IDENTITY[sdk=iphoneos*]" = "iPhone Developer";
				COPY_PHASE_STRIP = NO;
				ENABLE_STRICT_OBJC_MSGSEND = YES;
				GCC_C_LANGUAGE_STANDARD = gnu99;
				GCC_DYNAMIC_NO_PIC = NO;
				GCC_OPTIMIZATION_LEVEL = 0;
				GCC_PREPROCESSOR_DEFINITIONS = (
					"DEBUG=1",
					"$(inherited)",
				);
				GCC_SYMBOLS_PRIVATE_EXTERN = NO;
				GCC_WARN_64_TO_32_BIT_CONVERSION = YES;
				GCC_WARN_ABOUT_RETURN_TYPE = YES_ERROR;
				GCC_WARN_UNDECLARED_SELECTOR = YES;
				GCC_WARN_UNINITIALIZED_AUTOS = YES_AGGRESSIVE;
				GCC_WARN_UNUSED_FUNCTION = YES;
				GCC_WARN_UNUSED_VARIABLE = YES;
				IPHONEOS_DEPLOYMENT_TARGET = 8.1;
				MTL_ENABLE_DEBUG_INFO = YES;
				ONLY_ACTIVE_ARCH = YES;
				SDKROOT = iphoneos;
				SWIFT_OPTIMIZATION_LEVEL = "-Onone";
			};
			name = Debug;
		};
		13175D0A1A24ECC5001D29D2 /* Release */ = {
			isa = XCBuildConfiguration;
			buildSettings = {
				ALWAYS_SEARCH_USER_PATHS = NO;
				CLANG_CXX_LANGUAGE_STANDARD = "gnu++0x";
				CLANG_CXX_LIBRARY = "libc++";
				CLANG_ENABLE_MODULES = YES;
				CLANG_ENABLE_OBJC_ARC = YES;
				CLANG_WARN_BOOL_CONVERSION = YES;
				CLANG_WARN_CONSTANT_CONVERSION = YES;
				CLANG_WARN_DIRECT_OBJC_ISA_USAGE = YES_ERROR;
				CLANG_WARN_EMPTY_BODY = YES;
				CLANG_WARN_ENUM_CONVERSION = YES;
				CLANG_WARN_INT_CONVERSION = YES;
				CLANG_WARN_OBJC_ROOT_CLASS = YES_ERROR;
				CLANG_WARN_UNREACHABLE_CODE = YES;
				CLANG_WARN__DUPLICATE_METHOD_MATCH = YES;
				"CODE_SIGN_IDENTITY[sdk=iphoneos*]" = "iPhone Developer";
				COPY_PHASE_STRIP = YES;
				ENABLE_NS_ASSERTIONS = NO;
				ENABLE_STRICT_OBJC_MSGSEND = YES;
				GCC_C_LANGUAGE_STANDARD = gnu99;
				GCC_WARN_64_TO_32_BIT_CONVERSION = YES;
				GCC_WARN_ABOUT_RETURN_TYPE = YES_ERROR;
				GCC_WARN_UNDECLARED_SELECTOR = YES;
				GCC_WARN_UNINITIALIZED_AUTOS = YES_AGGRESSIVE;
				GCC_WARN_UNUSED_FUNCTION = YES;
				GCC_WARN_UNUSED_VARIABLE = YES;
				IPHONEOS_DEPLOYMENT_TARGET = 8.1;
				MTL_ENABLE_DEBUG_INFO = NO;
				SDKROOT = iphoneos;
				VALIDATE_PRODUCT = YES;
			};
			name = Release;
		};
		13175D0C1A24ECC5001D29D2 /* Debug */ = {
			isa = XCBuildConfiguration;
			buildSettings = {
				ASSETCATALOG_COMPILER_APPICON_NAME = AppIcon;
				INFOPLIST_FILE = audioplayer/Info.plist;
				LD_RUNPATH_SEARCH_PATHS = "$(inherited) @executable_path/Frameworks";
				PRODUCT_NAME = "$(TARGET_NAME)";
			};
			name = Debug;
		};
		13175D0D1A24ECC5001D29D2 /* Release */ = {
			isa = XCBuildConfiguration;
			buildSettings = {
				ASSETCATALOG_COMPILER_APPICON_NAME = AppIcon;
				INFOPLIST_FILE = audioplayer/Info.plist;
				LD_RUNPATH_SEARCH_PATHS = "$(inherited) @executable_path/Frameworks";
				PRODUCT_NAME = "$(TARGET_NAME)";
			};
			name = Release;
		};
		13175D0F1A24ECC5001D29D2 /* Debug */ = {
			isa = XCBuildConfiguration;
			buildSettings = {
				BUNDLE_LOADER = "$(TEST_HOST)";
				FRAMEWORK_SEARCH_PATHS = (
					"$(SDKROOT)/Developer/Library/Frameworks",
					"$(inherited)",
				);
				GCC_PREPROCESSOR_DEFINITIONS = (
					"DEBUG=1",
					"$(inherited)",
				);
				INFOPLIST_FILE = audioplayerTests/Info.plist;
				LD_RUNPATH_SEARCH_PATHS = "$(inherited) @executable_path/Frameworks @loader_path/Frameworks";
				PRODUCT_NAME = "$(TARGET_NAME)";
				TEST_HOST = "$(BUILT_PRODUCTS_DIR)/audioplayer.app/audioplayer";
			};
			name = Debug;
		};
		13175D101A24ECC5001D29D2 /* Release */ = {
			isa = XCBuildConfiguration;
			buildSettings = {
				BUNDLE_LOADER = "$(TEST_HOST)";
				FRAMEWORK_SEARCH_PATHS = (
					"$(SDKROOT)/Developer/Library/Frameworks",
					"$(inherited)",
				);
				INFOPLIST_FILE = audioplayerTests/Info.plist;
				LD_RUNPATH_SEARCH_PATHS = "$(inherited) @executable_path/Frameworks @loader_path/Frameworks";
				PRODUCT_NAME = "$(TARGET_NAME)";
				TEST_HOST = "$(BUILT_PRODUCTS_DIR)/audioplayer.app/audioplayer";
			};
			name = Release;
		};
/* End XCBuildConfiguration section */

/* Begin XCConfigurationList section */
		13175CE71A24ECC5001D29D2 /* Build configuration list for PBXProject "audioplayer" */ = {
			isa = XCConfigurationList;
			buildConfigurations = (
				13175D091A24ECC5001D29D2 /* Debug */,
				13175D0A1A24ECC5001D29D2 /* Release */,
			);
			defaultConfigurationIsVisible = 0;
			defaultConfigurationName = Release;
		};
		13175D0B1A24ECC5001D29D2 /* Build configuration list for PBXNativeTarget "audioplayer" */ = {
			isa = XCConfigurationList;
			buildConfigurations = (
				13175D0C1A24ECC5001D29D2 /* Debug */,
				13175D0D1A24ECC5001D29D2 /* Release */,
			);
			defaultConfigurationIsVisible = 0;
		};
		13175D0E1A24ECC5001D29D2 /* Build configuration list for PBXNativeTarget "audioplayerTests" */ = {
			isa = XCConfigurationList;
			buildConfigurations = (
				13175D0F1A24ECC5001D29D2 /* Debug */,
				13175D101A24ECC5001D29D2 /* Release */,
			);
			defaultConfigurationIsVisible = 0;
		};
/* End XCConfigurationList section */
	};
	rootObject = 13175CE41A24ECC5001D29D2 /* Project object */;
}
